// !$*UTF8*$!
{
	archiveVersion = 1;
	classes = {
	};
	objectVersion = 55;
	objects = {

/* Begin PBXBuildFile section */
		79006CBB29A5BC0100B9BF9C /* Data in Resources */ = {isa = PBXBuildFile; fileRef = 79006CBA29A5BC0100B9BF9C /* Data */; };
		79006CBF29A5BF9700B9BF9C /* Constants.swift in Sources */ = {isa = PBXBuildFile; fileRef = 79006CBE29A5BF9700B9BF9C /* Constants.swift */; };
		79006CC129A5C14D00B9BF9C /* UIViewController+ExtensionUIView+Extensions.swift in Sources */ = {isa = PBXBuildFile; fileRef = 79006CC029A5C14D00B9BF9C /* UIViewController+ExtensionUIView+Extensions.swift */; };
		79006CC329A5F1F800B9BF9C /* FileTableCell.swift in Sources */ = {isa = PBXBuildFile; fileRef = 79006CC229A5F1F800B9BF9C /* FileTableCell.swift */; };
		79006CC929A5FE5800B9BF9C /* ReviewDataViewController.swift in Sources */ = {isa = PBXBuildFile; fileRef = 79006CC829A5FE5800B9BF9C /* ReviewDataViewController.swift */; };
		79006CCB29A5FE8500B9BF9C /* ReviewDataController.swift in Sources */ = {isa = PBXBuildFile; fileRef = 79006CCA29A5FE8500B9BF9C /* ReviewDataController.swift */; };
		79006CCF29A604C100B9BF9C /* FileXMLParser.swift in Sources */ = {isa = PBXBuildFile; fileRef = 79006CCE29A604C100B9BF9C /* FileXMLParser.swift */; };
		79006CD129A60DBF00B9BF9C /* ParseActionManager.swift in Sources */ = {isa = PBXBuildFile; fileRef = 79006CD029A60DBF00B9BF9C /* ParseActionManager.swift */; };
		79006CD329A6366800B9BF9C /* InstanceIDModel.swift in Sources */ = {isa = PBXBuildFile; fileRef = 79006CD229A6366800B9BF9C /* InstanceIDModel.swift */; };
		79006CD529A6507400B9BF9C /* ReviewDataTableCell.swift in Sources */ = {isa = PBXBuildFile; fileRef = 79006CD429A6507400B9BF9C /* ReviewDataTableCell.swift */; };
		79006CD729A6F15300B9BF9C /* DBHelper.swift in Sources */ = {isa = PBXBuildFile; fileRef = 79006CD629A6F15300B9BF9C /* DBHelper.swift */; };
		79006CDA29A7090300B9BF9C /* XMLContentViewController.swift in Sources */ = {isa = PBXBuildFile; fileRef = 79006CD929A7090300B9BF9C /* XMLContentViewController.swift */; };
		79006CDE29A7175B00B9BF9C /* OfficialFilesViewController.swift in Sources */ = {isa = PBXBuildFile; fileRef = 79006CDD29A7175B00B9BF9C /* OfficialFilesViewController.swift */; };
		79006CE129A718BC00B9BF9C /* OfficialFilesController.swift in Sources */ = {isa = PBXBuildFile; fileRef = 79006CE029A718BC00B9BF9C /* OfficialFilesController.swift */; };
		79C42ABE29A5A14800409C59 /* AppDelegate.swift in Sources */ = {isa = PBXBuildFile; fileRef = 79C42ABD29A5A14800409C59 /* AppDelegate.swift */; };
		79C42AC029A5A14800409C59 /* SceneDelegate.swift in Sources */ = {isa = PBXBuildFile; fileRef = 79C42ABF29A5A14800409C59 /* SceneDelegate.swift */; };
		79C42AC529A5A14800409C59 /* Main.storyboard in Resources */ = {isa = PBXBuildFile; fileRef = 79C42AC329A5A14800409C59 /* Main.storyboard */; };
		79C42AC729A5A14900409C59 /* Assets.xcassets in Resources */ = {isa = PBXBuildFile; fileRef = 79C42AC629A5A14900409C59 /* Assets.xcassets */; };
		79C42ACA29A5A14900409C59 /* LaunchScreen.storyboard in Resources */ = {isa = PBXBuildFile; fileRef = 79C42AC829A5A14900409C59 /* LaunchScreen.storyboard */; };
		79C42AD429A5A20300409C59 /* FileModel.swift in Sources */ = {isa = PBXBuildFile; fileRef = 79C42AD329A5A20300409C59 /* FileModel.swift */; };
		79C42AD729A5A22000409C59 /* ListFileController.swift in Sources */ = {isa = PBXBuildFile; fileRef = 79C42AD629A5A22000409C59 /* ListFileController.swift */; };
		79C42ADA29A5A24C00409C59 /* ListFileViewController.swift in Sources */ = {isa = PBXBuildFile; fileRef = 79C42AD929A5A24C00409C59 /* ListFileViewController.swift */; };
		D7B6885812854D8743E48269 /* Pods_rta_assigment5.framework in Frameworks */ = {isa = PBXBuildFile; fileRef = 66A668902A66C84F50AE75A8 /* Pods_rta_assigment5.framework */; };
/* End PBXBuildFile section */

/* Begin PBXFileReference section */
		4C759273CEC964EC5D54FF9B /* Pods-rta-assigment5.debug.xcconfig */ = {isa = PBXFileReference; includeInIndex = 1; lastKnownFileType = text.xcconfig; name = "Pods-rta-assigment5.debug.xcconfig"; path = "Target Support Files/Pods-rta-assigment5/Pods-rta-assigment5.debug.xcconfig"; sourceTree = "<group>"; };
		66A668902A66C84F50AE75A8 /* Pods_rta_assigment5.framework */ = {isa = PBXFileReference; explicitFileType = wrapper.framework; includeInIndex = 0; path = Pods_rta_assigment5.framework; sourceTree = BUILT_PRODUCTS_DIR; };
		6E0A869359C3390FDEE174AE /* Pods-rta-assigment5.release.xcconfig */ = {isa = PBXFileReference; includeInIndex = 1; lastKnownFileType = text.xcconfig; name = "Pods-rta-assigment5.release.xcconfig"; path = "Target Support Files/Pods-rta-assigment5/Pods-rta-assigment5.release.xcconfig"; sourceTree = "<group>"; };
		79006CBA29A5BC0100B9BF9C /* Data */ = {isa = PBXFileReference; lastKnownFileType = folder; path = Data; sourceTree = "<group>"; };
		79006CBE29A5BF9700B9BF9C /* Constants.swift */ = {isa = PBXFileReference; lastKnownFileType = sourcecode.swift; path = Constants.swift; sourceTree = "<group>"; };
		79006CC029A5C14D00B9BF9C /* UIViewController+ExtensionUIView+Extensions.swift */ = {isa = PBXFileReference; lastKnownFileType = sourcecode.swift; path = "UIViewController+ExtensionUIView+Extensions.swift"; sourceTree = "<group>"; };
		79006CC229A5F1F800B9BF9C /* FileTableCell.swift */ = {isa = PBXFileReference; lastKnownFileType = sourcecode.swift; path = FileTableCell.swift; sourceTree = "<group>"; };
		79006CC829A5FE5800B9BF9C /* ReviewDataViewController.swift */ = {isa = PBXFileReference; lastKnownFileType = sourcecode.swift; path = ReviewDataViewController.swift; sourceTree = "<group>"; };
		79006CCA29A5FE8500B9BF9C /* ReviewDataController.swift */ = {isa = PBXFileReference; lastKnownFileType = sourcecode.swift; path = ReviewDataController.swift; sourceTree = "<group>"; };
		79006CCE29A604C100B9BF9C /* FileXMLParser.swift */ = {isa = PBXFileReference; lastKnownFileType = sourcecode.swift; path = FileXMLParser.swift; sourceTree = "<group>"; };
		79006CD029A60DBF00B9BF9C /* ParseActionManager.swift */ = {isa = PBXFileReference; lastKnownFileType = sourcecode.swift; path = ParseActionManager.swift; sourceTree = "<group>"; };
		79006CD229A6366800B9BF9C /* InstanceIDModel.swift */ = {isa = PBXFileReference; lastKnownFileType = sourcecode.swift; path = InstanceIDModel.swift; sourceTree = "<group>"; };
		79006CD429A6507400B9BF9C /* ReviewDataTableCell.swift */ = {isa = PBXFileReference; lastKnownFileType = sourcecode.swift; path = ReviewDataTableCell.swift; sourceTree = "<group>"; };
		79006CD629A6F15300B9BF9C /* DBHelper.swift */ = {isa = PBXFileReference; lastKnownFileType = sourcecode.swift; path = DBHelper.swift; sourceTree = "<group>"; };
		79006CD929A7090300B9BF9C /* XMLContentViewController.swift */ = {isa = PBXFileReference; lastKnownFileType = sourcecode.swift; path = XMLContentViewController.swift; sourceTree = "<group>"; };
		79006CDD29A7175B00B9BF9C /* OfficialFilesViewController.swift */ = {isa = PBXFileReference; lastKnownFileType = sourcecode.swift; path = OfficialFilesViewController.swift; sourceTree = "<group>"; };
		79006CE029A718BC00B9BF9C /* OfficialFilesController.swift */ = {isa = PBXFileReference; lastKnownFileType = sourcecode.swift; path = OfficialFilesController.swift; sourceTree = "<group>"; };
		79C42ABA29A5A14800409C59 /* rta-assigment5.app */ = {isa = PBXFileReference; explicitFileType = wrapper.application; includeInIndex = 0; path = "rta-assigment5.app"; sourceTree = BUILT_PRODUCTS_DIR; };
		79C42ABD29A5A14800409C59 /* AppDelegate.swift */ = {isa = PBXFileReference; lastKnownFileType = sourcecode.swift; path = AppDelegate.swift; sourceTree = "<group>"; };
		79C42ABF29A5A14800409C59 /* SceneDelegate.swift */ = {isa = PBXFileReference; lastKnownFileType = sourcecode.swift; path = SceneDelegate.swift; sourceTree = "<group>"; };
		79C42AC429A5A14800409C59 /* Base */ = {isa = PBXFileReference; lastKnownFileType = file.storyboard; name = Base; path = Base.lproj/Main.storyboard; sourceTree = "<group>"; };
		79C42AC629A5A14900409C59 /* Assets.xcassets */ = {isa = PBXFileReference; lastKnownFileType = folder.assetcatalog; path = Assets.xcassets; sourceTree = "<group>"; };
		79C42AC929A5A14900409C59 /* Base */ = {isa = PBXFileReference; lastKnownFileType = file.storyboard; name = Base; path = Base.lproj/LaunchScreen.storyboard; sourceTree = "<group>"; };
		79C42ACB29A5A14900409C59 /* Info.plist */ = {isa = PBXFileReference; lastKnownFileType = text.plist.xml; path = Info.plist; sourceTree = "<group>"; };
		79C42AD329A5A20300409C59 /* FileModel.swift */ = {isa = PBXFileReference; lastKnownFileType = sourcecode.swift; path = FileModel.swift; sourceTree = "<group>"; };
		79C42AD629A5A22000409C59 /* ListFileController.swift */ = {isa = PBXFileReference; lastKnownFileType = sourcecode.swift; path = ListFileController.swift; sourceTree = "<group>"; };
		79C42AD929A5A24C00409C59 /* ListFileViewController.swift */ = {isa = PBXFileReference; lastKnownFileType = sourcecode.swift; path = ListFileViewController.swift; sourceTree = "<group>"; };
/* End PBXFileReference section */

/* Begin PBXFrameworksBuildPhase section */
		79C42AB729A5A14800409C59 /* Frameworks */ = {
			isa = PBXFrameworksBuildPhase;
			buildActionMask = 2147483647;
			files = (
				D7B6885812854D8743E48269 /* Pods_rta_assigment5.framework in Frameworks */,
			);
			runOnlyForDeploymentPostprocessing = 0;
		};
/* End PBXFrameworksBuildPhase section */

/* Begin PBXGroup section */
		4E8D671EE27AA33E20FD6EF8 /* Frameworks */ = {
			isa = PBXGroup;
			children = (
				66A668902A66C84F50AE75A8 /* Pods_rta_assigment5.framework */,
			);
			name = Frameworks;
			sourceTree = "<group>";
		};
		79006CBC29A5BD0F00B9BF9C /* Extensions */ = {
			isa = PBXGroup;
			children = (
				79006CC029A5C14D00B9BF9C /* UIViewController+ExtensionUIView+Extensions.swift */,
			);
			path = Extensions;
			sourceTree = "<group>";
		};
		79006CBD29A5BF8800B9BF9C /* Constants */ = {
			isa = PBXGroup;
			children = (
				79006CBE29A5BF9700B9BF9C /* Constants.swift */,
			);
			path = Constants;
			sourceTree = "<group>";
		};
		79006CC429A5FE2400B9BF9C /* ReviewData */ = {
			isa = PBXGroup;
			children = (
				79006CC729A5FE4400B9BF9C /* Model */,
				79006CC629A5FE3D00B9BF9C /* Controller */,
				79006CC529A5FE3400B9BF9C /* View */,
			);
			path = ReviewData;
			sourceTree = "<group>";
		};
		79006CC529A5FE3400B9BF9C /* View */ = {
			isa = PBXGroup;
			children = (
				79006CC829A5FE5800B9BF9C /* ReviewDataViewController.swift */,
				79006CD429A6507400B9BF9C /* ReviewDataTableCell.swift */,
			);
			path = View;
			sourceTree = "<group>";
		};
		79006CC629A5FE3D00B9BF9C /* Controller */ = {
			isa = PBXGroup;
			children = (
				79006CCA29A5FE8500B9BF9C /* ReviewDataController.swift */,
			);
			path = Controller;
			sourceTree = "<group>";
		};
		79006CC729A5FE4400B9BF9C /* Model */ = {
			isa = PBXGroup;
			children = (
				79006CCE29A604C100B9BF9C /* FileXMLParser.swift */,
				79006CD029A60DBF00B9BF9C /* ParseActionManager.swift */,
				79006CD229A6366800B9BF9C /* InstanceIDModel.swift */,
			);
			path = Model;
			sourceTree = "<group>";
		};
		79006CCC29A6047700B9BF9C /* Features */ = {
			isa = PBXGroup;
			children = (
				79006CDB29A7173B00B9BF9C /* OfficialData */,
				79006CD829A708D600B9BF9C /* XMLViewer */,
				79006CC429A5FE2400B9BF9C /* ReviewData */,
				79C42AD129A5A1B400409C59 /* ListFile */,
			);
			path = Features;
			sourceTree = "<group>";
		};
		79006CCD29A6049A00B9BF9C /* Helper */ = {
			isa = PBXGroup;
			children = (
				79006CD629A6F15300B9BF9C /* DBHelper.swift */,
			);
			path = Helper;
			sourceTree = "<group>";
		};
		79006CD829A708D600B9BF9C /* XMLViewer */ = {
			isa = PBXGroup;
			children = (
				79006CD929A7090300B9BF9C /* XMLContentViewController.swift */,
			);
			path = XMLViewer;
			sourceTree = "<group>";
		};
		79006CDB29A7173B00B9BF9C /* OfficialData */ = {
			isa = PBXGroup;
			children = (
				79006CDF29A718B000B9BF9C /* Controller */,
				79006CDC29A7174500B9BF9C /* View */,
			);
			path = OfficialData;
			sourceTree = "<group>";
		};
		79006CDC29A7174500B9BF9C /* View */ = {
			isa = PBXGroup;
			children = (
				79006CDD29A7175B00B9BF9C /* OfficialFilesViewController.swift */,
			);
			path = View;
			sourceTree = "<group>";
		};
		79006CDF29A718B000B9BF9C /* Controller */ = {
			isa = PBXGroup;
			children = (
				79006CE029A718BC00B9BF9C /* OfficialFilesController.swift */,
			);
			path = Controller;
			sourceTree = "<group>";
		};
		79C42AB129A5A14800409C59 = {
			isa = PBXGroup;
			children = (
				79C42ABC29A5A14800409C59 /* rta-assigment5 */,
				79C42ABB29A5A14800409C59 /* Products */,
				BC9BC1B050A5E110D11F8D28 /* Pods */,
				4E8D671EE27AA33E20FD6EF8 /* Frameworks */,
			);
			sourceTree = "<group>";
		};
		79C42ABB29A5A14800409C59 /* Products */ = {
			isa = PBXGroup;
			children = (
				79C42ABA29A5A14800409C59 /* rta-assigment5.app */,
			);
			name = Products;
			sourceTree = "<group>";
		};
		79C42ABC29A5A14800409C59 /* rta-assigment5 */ = {
			isa = PBXGroup;
			children = (
				79006CCD29A6049A00B9BF9C /* Helper */,
				79006CBC29A5BD0F00B9BF9C /* Extensions */,
				79006CBD29A5BF8800B9BF9C /* Constants */,
				79006CCC29A6047700B9BF9C /* Features */,
				79C42ADB29A5A25400409C59 /* Resources */,
				79C42ABD29A5A14800409C59 /* AppDelegate.swift */,
				79C42ABF29A5A14800409C59 /* SceneDelegate.swift */,
				79C42AC329A5A14800409C59 /* Main.storyboard */,
				79C42AC629A5A14900409C59 /* Assets.xcassets */,
				79C42AC829A5A14900409C59 /* LaunchScreen.storyboard */,
				79C42ACB29A5A14900409C59 /* Info.plist */,
			);
			path = "rta-assigment5";
			sourceTree = "<group>";
		};
		79C42AD129A5A1B400409C59 /* ListFile */ = {
			isa = PBXGroup;
			children = (
				79C42AD829A5A22300409C59 /* View */,
				79C42AD529A5A20B00409C59 /* Controller */,
				79C42AD229A5A1F400409C59 /* Model */,
			);
			path = ListFile;
			sourceTree = "<group>";
		};
		79C42AD229A5A1F400409C59 /* Model */ = {
			isa = PBXGroup;
			children = (
				79C42AD329A5A20300409C59 /* FileModel.swift */,
			);
			path = Model;
			sourceTree = "<group>";
		};
		79C42AD529A5A20B00409C59 /* Controller */ = {
			isa = PBXGroup;
			children = (
				79C42AD629A5A22000409C59 /* ListFileController.swift */,
			);
			path = Controller;
			sourceTree = "<group>";
		};
		79C42AD829A5A22300409C59 /* View */ = {
			isa = PBXGroup;
			children = (
				79C42AD929A5A24C00409C59 /* ListFileViewController.swift */,
				79006CC229A5F1F800B9BF9C /* FileTableCell.swift */,
			);
			path = View;
			sourceTree = "<group>";
		};
		79C42ADB29A5A25400409C59 /* Resources */ = {
			isa = PBXGroup;
			children = (
				79006CBA29A5BC0100B9BF9C /* Data */,
			);
			path = Resources;
			sourceTree = "<group>";
		};
		BC9BC1B050A5E110D11F8D28 /* Pods */ = {
			isa = PBXGroup;
			children = (
				4C759273CEC964EC5D54FF9B /* Pods-rta-assigment5.debug.xcconfig */,
				6E0A869359C3390FDEE174AE /* Pods-rta-assigment5.release.xcconfig */,
			);
			path = Pods;
			sourceTree = "<group>";
		};
/* End PBXGroup section */

/* Begin PBXNativeTarget section */
		79C42AB929A5A14800409C59 /* rta-assigment5 */ = {
			isa = PBXNativeTarget;
			buildConfigurationList = 79C42ACE29A5A14900409C59 /* Build configuration list for PBXNativeTarget "rta-assigment5" */;
			buildPhases = (
				0FADA2E05951220C265C7B2A /* [CP] Check Pods Manifest.lock */,
				79C42AB629A5A14800409C59 /* Sources */,
				79C42AB729A5A14800409C59 /* Frameworks */,
				79C42AB829A5A14800409C59 /* Resources */,
				2F19BB892B3F2780C8B978A7 /* [CP] Embed Pods Frameworks */,
			);
			buildRules = (
			);
			dependencies = (
			);
			name = "rta-assigment5";
			productName = "rta-assigment5";
			productReference = 79C42ABA29A5A14800409C59 /* rta-assigment5.app */;
			productType = "com.apple.product-type.application";
		};
/* End PBXNativeTarget section */

/* Begin PBXProject section */
		79C42AB229A5A14800409C59 /* Project object */ = {
			isa = PBXProject;
			attributes = {
				BuildIndependentTargetsInParallel = 1;
				LastSwiftUpdateCheck = 1410;
				LastUpgradeCheck = 1410;
				TargetAttributes = {
					79C42AB929A5A14800409C59 = {
						CreatedOnToolsVersion = 14.1;
					};
				};
			};
			buildConfigurationList = 79C42AB529A5A14800409C59 /* Build configuration list for PBXProject "rta-assigment5" */;
			compatibilityVersion = "Xcode 13.0";
			developmentRegion = en;
			hasScannedForEncodings = 0;
			knownRegions = (
				en,
				Base,
			);
			mainGroup = 79C42AB129A5A14800409C59;
			productRefGroup = 79C42ABB29A5A14800409C59 /* Products */;
			projectDirPath = "";
			projectRoot = "";
			targets = (
				79C42AB929A5A14800409C59 /* rta-assigment5 */,
			);
		};
/* End PBXProject section */

/* Begin PBXResourcesBuildPhase section */
		79C42AB829A5A14800409C59 /* Resources */ = {
			isa = PBXResourcesBuildPhase;
			buildActionMask = 2147483647;
			files = (
				79C42ACA29A5A14900409C59 /* LaunchScreen.storyboard in Resources */,
				79C42AC729A5A14900409C59 /* Assets.xcassets in Resources */,
				79006CBB29A5BC0100B9BF9C /* Data in Resources */,
				79C42AC529A5A14800409C59 /* Main.storyboard in Resources */,
			);
			runOnlyForDeploymentPostprocessing = 0;
		};
/* End PBXResourcesBuildPhase section */

/* Begin PBXShellScriptBuildPhase section */
		0FADA2E05951220C265C7B2A /* [CP] Check Pods Manifest.lock */ = {
			isa = PBXShellScriptBuildPhase;
			buildActionMask = 2147483647;
			files = (
			);
			inputFileListPaths = (
			);
			inputPaths = (
				"${PODS_PODFILE_DIR_PATH}/Podfile.lock",
				"${PODS_ROOT}/Manifest.lock",
			);
			name = "[CP] Check Pods Manifest.lock";
			outputFileListPaths = (
			);
			outputPaths = (
				"$(DERIVED_FILE_DIR)/Pods-rta-assigment5-checkManifestLockResult.txt",
			);
			runOnlyForDeploymentPostprocessing = 0;
			shellPath = /bin/sh;
			shellScript = "diff \"${PODS_PODFILE_DIR_PATH}/Podfile.lock\" \"${PODS_ROOT}/Manifest.lock\" > /dev/null\nif [ $? != 0 ] ; then\n    # print error to STDERR\n    echo \"error: The sandbox is not in sync with the Podfile.lock. Run 'pod install' or update your CocoaPods installation.\" >&2\n    exit 1\nfi\n# This output is used by Xcode 'outputs' to avoid re-running this script phase.\necho \"SUCCESS\" > \"${SCRIPT_OUTPUT_FILE_0}\"\n";
			showEnvVarsInLog = 0;
		};
		2F19BB892B3F2780C8B978A7 /* [CP] Embed Pods Frameworks */ = {
			isa = PBXShellScriptBuildPhase;
			buildActionMask = 2147483647;
			files = (
			);
			inputFileListPaths = (
				"${PODS_ROOT}/Target Support Files/Pods-rta-assigment5/Pods-rta-assigment5-frameworks-${CONFIGURATION}-input-files.xcfilelist",
			);
			name = "[CP] Embed Pods Frameworks";
			outputFileListPaths = (
				"${PODS_ROOT}/Target Support Files/Pods-rta-assigment5/Pods-rta-assigment5-frameworks-${CONFIGURATION}-output-files.xcfilelist",
			);
			runOnlyForDeploymentPostprocessing = 0;
			shellPath = /bin/sh;
			shellScript = "\"${PODS_ROOT}/Target Support Files/Pods-rta-assigment5/Pods-rta-assigment5-frameworks.sh\"\n";
			showEnvVarsInLog = 0;
		};
/* End PBXShellScriptBuildPhase section */

/* Begin PBXSourcesBuildPhase section */
		79C42AB629A5A14800409C59 /* Sources */ = {
			isa = PBXSourcesBuildPhase;
			buildActionMask = 2147483647;
			files = (
				79006CC129A5C14D00B9BF9C /* UIViewController+ExtensionUIView+Extensions.swift in Sources */,
				79C42ABE29A5A14800409C59 /* AppDelegate.swift in Sources */,
				79006CE129A718BC00B9BF9C /* OfficialFilesController.swift in Sources */,
				79006CD329A6366800B9BF9C /* InstanceIDModel.swift in Sources */,
				79006CC929A5FE5800B9BF9C /* ReviewDataViewController.swift in Sources */,
				79006CDA29A7090300B9BF9C /* XMLContentViewController.swift in Sources */,
				79C42ADA29A5A24C00409C59 /* ListFileViewController.swift in Sources */,
				79006CDE29A7175B00B9BF9C /* OfficialFilesViewController.swift in Sources */,
				79C42AD429A5A20300409C59 /* FileModel.swift in Sources */,
				79C42AC029A5A14800409C59 /* SceneDelegate.swift in Sources */,
				79006CD729A6F15300B9BF9C /* DBHelper.swift in Sources */,
				79C42AD729A5A22000409C59 /* ListFileController.swift in Sources */,
				79006CD529A6507400B9BF9C /* ReviewDataTableCell.swift in Sources */,
				79006CC329A5F1F800B9BF9C /* FileTableCell.swift in Sources */,
				79006CCF29A604C100B9BF9C /* FileXMLParser.swift in Sources */,
				79006CBF29A5BF9700B9BF9C /* Constants.swift in Sources */,
				79006CCB29A5FE8500B9BF9C /* ReviewDataController.swift in Sources */,
				79006CD129A60DBF00B9BF9C /* ParseActionManager.swift in Sources */,
			);
			runOnlyForDeploymentPostprocessing = 0;
		};
/* End PBXSourcesBuildPhase section */

/* Begin PBXVariantGroup section */
		79C42AC329A5A14800409C59 /* Main.storyboard */ = {
			isa = PBXVariantGroup;
			children = (
				79C42AC429A5A14800409C59 /* Base */,
			);
			name = Main.storyboard;
			sourceTree = "<group>";
		};
		79C42AC829A5A14900409C59 /* LaunchScreen.storyboard */ = {
			isa = PBXVariantGroup;
			children = (
				79C42AC929A5A14900409C59 /* Base */,
			);
			name = LaunchScreen.storyboard;
			sourceTree = "<group>";
		};
/* End PBXVariantGroup section */

/* Begin XCBuildConfiguration section */
		79C42ACC29A5A14900409C59 /* Debug */ = {
			isa = XCBuildConfiguration;
			buildSettings = {
				ALWAYS_SEARCH_USER_PATHS = NO;
				CLANG_ANALYZER_NONNULL = YES;
				CLANG_ANALYZER_NUMBER_OBJECT_CONVERSION = YES_AGGRESSIVE;
				CLANG_CXX_LANGUAGE_STANDARD = "gnu++20";
				CLANG_ENABLE_MODULES = YES;
				CLANG_ENABLE_OBJC_ARC = YES;
				CLANG_ENABLE_OBJC_WEAK = YES;
				CLANG_WARN_BLOCK_CAPTURE_AUTORELEASING = YES;
				CLANG_WARN_BOOL_CONVERSION = YES;
				CLANG_WARN_COMMA = YES;
				CLANG_WARN_CONSTANT_CONVERSION = YES;
				CLANG_WARN_DEPRECATED_OBJC_IMPLEMENTATIONS = YES;
				CLANG_WARN_DIRECT_OBJC_ISA_USAGE = YES_ERROR;
				CLANG_WARN_DOCUMENTATION_COMMENTS = YES;
				CLANG_WARN_EMPTY_BODY = YES;
				CLANG_WARN_ENUM_CONVERSION = YES;
				CLANG_WARN_INFINITE_RECURSION = YES;
				CLANG_WARN_INT_CONVERSION = YES;
				CLANG_WARN_NON_LITERAL_NULL_CONVERSION = YES;
				CLANG_WARN_OBJC_IMPLICIT_RETAIN_SELF = YES;
				CLANG_WARN_OBJC_LITERAL_CONVERSION = YES;
				CLANG_WARN_OBJC_ROOT_CLASS = YES_ERROR;
				CLANG_WARN_QUOTED_INCLUDE_IN_FRAMEWORK_HEADER = YES;
				CLANG_WARN_RANGE_LOOP_ANALYSIS = YES;
				CLANG_WARN_STRICT_PROTOTYPES = YES;
				CLANG_WARN_SUSPICIOUS_MOVE = YES;
				CLANG_WARN_UNGUARDED_AVAILABILITY = YES_AGGRESSIVE;
				CLANG_WARN_UNREACHABLE_CODE = YES;
				CLANG_WARN__DUPLICATE_METHOD_MATCH = YES;
				COPY_PHASE_STRIP = NO;
				DEBUG_INFORMATION_FORMAT = dwarf;
				ENABLE_STRICT_OBJC_MSGSEND = YES;
				ENABLE_TESTABILITY = YES;
				GCC_C_LANGUAGE_STANDARD = gnu11;
				GCC_DYNAMIC_NO_PIC = NO;
				GCC_NO_COMMON_BLOCKS = YES;
				GCC_OPTIMIZATION_LEVEL = 0;
				GCC_PREPROCESSOR_DEFINITIONS = (
					"DEBUG=1",
					"$(inherited)",
				);
				GCC_WARN_64_TO_32_BIT_CONVERSION = YES;
				GCC_WARN_ABOUT_RETURN_TYPE = YES_ERROR;
				GCC_WARN_UNDECLARED_SELECTOR = YES;
				GCC_WARN_UNINITIALIZED_AUTOS = YES_AGGRESSIVE;
				GCC_WARN_UNUSED_FUNCTION = YES;
				GCC_WARN_UNUSED_VARIABLE = YES;
				IPHONEOS_DEPLOYMENT_TARGET = 16.1;
				MTL_ENABLE_DEBUG_INFO = INCLUDE_SOURCE;
				MTL_FAST_MATH = YES;
				ONLY_ACTIVE_ARCH = YES;
				SDKROOT = iphoneos;
				SWIFT_ACTIVE_COMPILATION_CONDITIONS = DEBUG;
				SWIFT_OPTIMIZATION_LEVEL = "-Onone";
			};
			name = Debug;
		};
		79C42ACD29A5A14900409C59 /* Release */ = {
			isa = XCBuildConfiguration;
			buildSettings = {
				ALWAYS_SEARCH_USER_PATHS = NO;
				CLANG_ANALYZER_NONNULL = YES;
				CLANG_ANALYZER_NUMBER_OBJECT_CONVERSION = YES_AGGRESSIVE;
				CLANG_CXX_LANGUAGE_STANDARD = "gnu++20";
				CLANG_ENABLE_MODULES = YES;
				CLANG_ENABLE_OBJC_ARC = YES;
				CLANG_ENABLE_OBJC_WEAK = YES;
				CLANG_WARN_BLOCK_CAPTURE_AUTORELEASING = YES;
				CLANG_WARN_BOOL_CONVERSION = YES;
				CLANG_WARN_COMMA = YES;
				CLANG_WARN_CONSTANT_CONVERSION = YES;
				CLANG_WARN_DEPRECATED_OBJC_IMPLEMENTATIONS = YES;
				CLANG_WARN_DIRECT_OBJC_ISA_USAGE = YES_ERROR;
				CLANG_WARN_DOCUMENTATION_COMMENTS = YES;
				CLANG_WARN_EMPTY_BODY = YES;
				CLANG_WARN_ENUM_CONVERSION = YES;
				CLANG_WARN_INFINITE_RECURSION = YES;
				CLANG_WARN_INT_CONVERSION = YES;
				CLANG_WARN_NON_LITERAL_NULL_CONVERSION = YES;
				CLANG_WARN_OBJC_IMPLICIT_RETAIN_SELF = YES;
				CLANG_WARN_OBJC_LITERAL_CONVERSION = YES;
				CLANG_WARN_OBJC_ROOT_CLASS = YES_ERROR;
				CLANG_WARN_QUOTED_INCLUDE_IN_FRAMEWORK_HEADER = YES;
				CLANG_WARN_RANGE_LOOP_ANALYSIS = YES;
				CLANG_WARN_STRICT_PROTOTYPES = YES;
				CLANG_WARN_SUSPICIOUS_MOVE = YES;
				CLANG_WARN_UNGUARDED_AVAILABILITY = YES_AGGRESSIVE;
				CLANG_WARN_UNREACHABLE_CODE = YES;
				CLANG_WARN__DUPLICATE_METHOD_MATCH = YES;
				COPY_PHASE_STRIP = NO;
				DEBUG_INFORMATION_FORMAT = "dwarf-with-dsym";
				ENABLE_NS_ASSERTIONS = NO;
				ENABLE_STRICT_OBJC_MSGSEND = YES;
				GCC_C_LANGUAGE_STANDARD = gnu11;
				GCC_NO_COMMON_BLOCKS = YES;
				GCC_WARN_64_TO_32_BIT_CONVERSION = YES;
				GCC_WARN_ABOUT_RETURN_TYPE = YES_ERROR;
				GCC_WARN_UNDECLARED_SELECTOR = YES;
				GCC_WARN_UNINITIALIZED_AUTOS = YES_AGGRESSIVE;
				GCC_WARN_UNUSED_FUNCTION = YES;
				GCC_WARN_UNUSED_VARIABLE = YES;
				IPHONEOS_DEPLOYMENT_TARGET = 16.1;
				MTL_ENABLE_DEBUG_INFO = NO;
				MTL_FAST_MATH = YES;
				SDKROOT = iphoneos;
				SWIFT_COMPILATION_MODE = wholemodule;
				SWIFT_OPTIMIZATION_LEVEL = "-O";
				VALIDATE_PRODUCT = YES;
			};
			name = Release;
		};
		79C42ACF29A5A14900409C59 /* Debug */ = {
			isa = XCBuildConfiguration;
			baseConfigurationReference = 4C759273CEC964EC5D54FF9B /* Pods-rta-assigment5.debug.xcconfig */;
			buildSettings = {
				ASSETCATALOG_COMPILER_APPICON_NAME = AppIcon;
				ASSETCATALOG_COMPILER_GLOBAL_ACCENT_COLOR_NAME = AccentColor;
				CODE_SIGN_STYLE = Automatic;
				CURRENT_PROJECT_VERSION = 1;
				DEVELOPMENT_TEAM = ZZ74YFS2K5;
				GENERATE_INFOPLIST_FILE = YES;
				INFOPLIST_FILE = "rta-assigment5/Info.plist";
				INFOPLIST_KEY_UIApplicationSupportsIndirectInputEvents = YES;
				INFOPLIST_KEY_UILaunchStoryboardName = LaunchScreen;
				INFOPLIST_KEY_UIMainStoryboardFile = Main;
				INFOPLIST_KEY_UISupportedInterfaceOrientations_iPad = "UIInterfaceOrientationPortrait UIInterfaceOrientationPortraitUpsideDown UIInterfaceOrientationLandscapeLeft UIInterfaceOrientationLandscapeRight";
				INFOPLIST_KEY_UISupportedInterfaceOrientations_iPhone = "UIInterfaceOrientationPortrait UIInterfaceOrientationLandscapeLeft UIInterfaceOrientationLandscapeRight";
				INFOPLIST_KEY_UISupportsDocumentBrowser = YES;
				LD_RUNPATH_SEARCH_PATHS = (
					"$(inherited)",
					"@executable_path/Frameworks",
				);
				MARKETING_VERSION = 1.0;
				PRODUCT_BUNDLE_IDENTIFIER = "com.truongluan.rta-assigment5";
				PRODUCT_NAME = "$(TARGET_NAME)";
				SWIFT_EMIT_LOC_STRINGS = YES;
				SWIFT_VERSION = 5.0;
				TARGETED_DEVICE_FAMILY = "1,2";
			};
			name = Debug;
		};
		79C42AD029A5A14900409C59 /* Release */ = {
			isa = XCBuildConfiguration;
			baseConfigurationReference = 6E0A869359C3390FDEE174AE /* Pods-rta-assigment5.release.xcconfig */;
			buildSettings = {
				ASSETCATALOG_COMPILER_APPICON_NAME = AppIcon;
				ASSETCATALOG_COMPILER_GLOBAL_ACCENT_COLOR_NAME = AccentColor;
				CODE_SIGN_STYLE = Automatic;
				CURRENT_PROJECT_VERSION = 1;
				DEVELOPMENT_TEAM = ZZ74YFS2K5;
				GENERATE_INFOPLIST_FILE = YES;
				INFOPLIST_FILE = "rta-assigment5/Info.plist";
				INFOPLIST_KEY_UIApplicationSupportsIndirectInputEvents = YES;
				INFOPLIST_KEY_UILaunchStoryboardName = LaunchScreen;
				INFOPLIST_KEY_UIMainStoryboardFile = Main;
				INFOPLIST_KEY_UISupportedInterfaceOrientations_iPad = "UIInterfaceOrientationPortrait UIInterfaceOrientationPortraitUpsideDown UIInterfaceOrientationLandscapeLeft UIInterfaceOrientationLandscapeRight";
				INFOPLIST_KEY_UISupportedInterfaceOrientations_iPhone = "UIInterfaceOrientationPortrait UIInterfaceOrientationLandscapeLeft UIInterfaceOrientationLandscapeRight";
				INFOPLIST_KEY_UISupportsDocumentBrowser = YES;
				LD_RUNPATH_SEARCH_PATHS = (
					"$(inherited)",
					"@executable_path/Frameworks",
				);
				MARKETING_VERSION = 1.0;
				PRODUCT_BUNDLE_IDENTIFIER = "com.truongluan.rta-assigment5";
				PRODUCT_NAME = "$(TARGET_NAME)";
				SWIFT_EMIT_LOC_STRINGS = YES;
				SWIFT_VERSION = 5.0;
				TARGETED_DEVICE_FAMILY = "1,2";
			};
			name = Release;
		};
/* End XCBuildConfiguration section */

/* Begin XCConfigurationList section */
		79C42AB529A5A14800409C59 /* Build configuration list for PBXProject "rta-assigment5" */ = {
			isa = XCConfigurationList;
			buildConfigurations = (
				79C42ACC29A5A14900409C59 /* Debug */,
				79C42ACD29A5A14900409C59 /* Release */,
			);
			defaultConfigurationIsVisible = 0;
			defaultConfigurationName = Release;
		};
		79C42ACE29A5A14900409C59 /* Build configuration list for PBXNativeTarget "rta-assigment5" */ = {
			isa = XCConfigurationList;
			buildConfigurations = (
				79C42ACF29A5A14900409C59 /* Debug */,
				79C42AD029A5A14900409C59 /* Release */,
			);
			defaultConfigurationIsVisible = 0;
			defaultConfigurationName = Release;
		};
/* End XCConfigurationList section */
	};
	rootObject = 79C42AB229A5A14800409C59 /* Project object */;
}
